
Microsoft Visual Studio Solution File, Format Version 12.00
# Visual Studio Version 17
VisualStudioVersion = 17.14.36603.0 d17.14
MinimumVisualStudioVersion = 10.0.40219.1
Project("{FAE04EC0-301F-11D3-BF4B-00C04F79EFBC}") = "HANOİKULELERİ", "HANOİKULELERİ\HANOİKULELERİ.csproj", "{DF0B0D93-77FF-40D0-87EE-58F8BE98BCB6}"
EndProject
Global
	GlobalSection(SolutionConfigurationPlatforms) = preSolution
		Debug|Any CPU = Debug|Any CPU
		Release|Any CPU = Release|Any CPU
	EndGlobalSection
	GlobalSection(ProjectConfigurationPlatforms) = postSolution
		{DF0B0D93-77FF-40D0-87EE-58F8BE98BCB6}.Debug|Any CPU.ActiveCfg = Debug|Any CPU
		{DF0B0D93-77FF-40D0-87EE-58F8BE98BCB6}.Debug|Any CPU.Build.0 = Debug|Any CPU
		{DF0B0D93-77FF-40D0-87EE-58F8BE98BCB6}.Release|Any CPU.ActiveCfg = Release|Any CPU
		{DF0B0D93-77FF-40D0-87EE-58F8BE98BCB6}.Release|Any CPU.Build.0 = Release|Any CPU
	EndGlobalSection
	GlobalSection(SolutionProperties) = preSolution
		HideSolutionNode = FALSE
	EndGlobalSection
	GlobalSection(ExtensibilityGlobals) = postSolution
		SolutionGuid = {6FCB5EB8-3F34-4EC5-81F3-B471C220A6C3}
	EndGlobalSection
EndGlobal
